
Microsoft Visual Studio Solution File, Format Version 12.00
# Visual Studio Version 17
VisualStudioVersion = 17.4.33205.214
MinimumVisualStudioVersion = 10.0.40219.1
Project("{9A19103F-16F7-4668-BE54-9A1E7A4F7556}") = "GameEngine", "1. Testing .NET Code with xUnit.net Getting Started\GameEngine\GameEngine.csproj", "{D9E89B48-27A7-4B2F-A624-9D9EB3AA2FF5}"
EndProject
Project("{9A19103F-16F7-4668-BE54-9A1E7A4F7556}") = "GameEngine.Tests", "1. Testing .NET Code with xUnit.net Getting Started\GameEngine.Tests\GameEngine.Tests.csproj", "{FBCCB3DB-16AF-405F-92CD-72FE347FAFA9}"
EndProject
Project("{2150E333-8FDC-42A3-9474-1A3956D46DE8}") = "1. Testing .NET Code with xUnit.net Getting Started", "1. Testing .NET Code with xUnit.net Getting Started", "{4143EBE3-2560-4432-BBD0-A34552BB0ED7}"
EndProject
Project("{2150E333-8FDC-42A3-9474-1A3956D46DE8}") = "2. Mocking with Moq 4 and xUnit", "2. Mocking with Moq 4 and xUnit", "{7C370E20-7585-44DA-91AC-EA6D21CB63A5}"
EndProject
Project("{9A19103F-16F7-4668-BE54-9A1E7A4F7556}") = "CreditCardApplication", "2. Mocking with Moq 4 and xUnit\CreditCardApplication\CreditCardApplication.csproj", "{15BD00B2-79D6-44E6-BADB-83796E02C71C}"
EndProject
Global
	GlobalSection(SolutionConfigurationPlatforms) = preSolution
		Debug|Any CPU = Debug|Any CPU
		Release|Any CPU = Release|Any CPU
	EndGlobalSection
	GlobalSection(ProjectConfigurationPlatforms) = postSolution
		{D9E89B48-27A7-4B2F-A624-9D9EB3AA2FF5}.Debug|Any CPU.ActiveCfg = Debug|Any CPU
		{D9E89B48-27A7-4B2F-A624-9D9EB3AA2FF5}.Debug|Any CPU.Build.0 = Debug|Any CPU
		{D9E89B48-27A7-4B2F-A624-9D9EB3AA2FF5}.Release|Any CPU.ActiveCfg = Release|Any CPU
		{D9E89B48-27A7-4B2F-A624-9D9EB3AA2FF5}.Release|Any CPU.Build.0 = Release|Any CPU
		{FBCCB3DB-16AF-405F-92CD-72FE347FAFA9}.Debug|Any CPU.ActiveCfg = Debug|Any CPU
		{FBCCB3DB-16AF-405F-92CD-72FE347FAFA9}.Debug|Any CPU.Build.0 = Debug|Any CPU
		{FBCCB3DB-16AF-405F-92CD-72FE347FAFA9}.Release|Any CPU.ActiveCfg = Release|Any CPU
		{FBCCB3DB-16AF-405F-92CD-72FE347FAFA9}.Release|Any CPU.Build.0 = Release|Any CPU
		{15BD00B2-79D6-44E6-BADB-83796E02C71C}.Debug|Any CPU.ActiveCfg = Debug|Any CPU
		{15BD00B2-79D6-44E6-BADB-83796E02C71C}.Debug|Any CPU.Build.0 = Debug|Any CPU
		{15BD00B2-79D6-44E6-BADB-83796E02C71C}.Release|Any CPU.ActiveCfg = Release|Any CPU
		{15BD00B2-79D6-44E6-BADB-83796E02C71C}.Release|Any CPU.Build.0 = Release|Any CPU
	EndGlobalSection
	GlobalSection(SolutionProperties) = preSolution
		HideSolutionNode = FALSE
	EndGlobalSection
	GlobalSection(NestedProjects) = preSolution
		{D9E89B48-27A7-4B2F-A624-9D9EB3AA2FF5} = {4143EBE3-2560-4432-BBD0-A34552BB0ED7}
		{FBCCB3DB-16AF-405F-92CD-72FE347FAFA9} = {4143EBE3-2560-4432-BBD0-A34552BB0ED7}
		{15BD00B2-79D6-44E6-BADB-83796E02C71C} = {7C370E20-7585-44DA-91AC-EA6D21CB63A5}
	EndGlobalSection
	GlobalSection(ExtensibilityGlobals) = postSolution
		SolutionGuid = {0DF29327-C541-4A04-8C85-122139017152}
	EndGlobalSection
EndGlobal
